
Microsoft Visual Studio Solution File, Format Version 12.00
# Visual Studio Version 17
VisualStudioVersion = 17.2.32519.379
MinimumVisualStudioVersion = 10.0.40219.1
Project("{FAE04EC0-301F-11D3-BF4B-00C04F79EFBC}") = "Student Management System", "Student Management System\Student Management System.csproj", "{C2DA8571-625F-4C12-9C27-CFED8C7B7041}"
EndProject
Global
	GlobalSection(SolutionConfigurationPlatforms) = preSolution
		Debug|Any CPU = Debug|Any CPU
		Release|Any CPU = Release|Any CPU
	EndGlobalSection
	GlobalSection(ProjectConfigurationPlatforms) = postSolution
		{C2DA8571-625F-4C12-9C27-CFED8C7B7041}.Debug|Any CPU.ActiveCfg = Debug|Any CPU
		{C2DA8571-625F-4C12-9C27-CFED8C7B7041}.Debug|Any CPU.Build.0 = Debug|Any CPU
		{C2DA8571-625F-4C12-9C27-CFED8C7B7041}.Release|Any CPU.ActiveCfg = Release|Any CPU
		{C2DA8571-625F-4C12-9C27-CFED8C7B7041}.Release|Any CPU.Build.0 = Release|Any CPU
	EndGlobalSection
	GlobalSection(SolutionProperties) = preSolution
		HideSolutionNode = FALSE
	EndGlobalSection
	GlobalSection(ExtensibilityGlobals) = postSolution
		SolutionGuid = {209858E4-739C-46E1-9777-DD4E8C014B80}
	EndGlobalSection
EndGlobal
